
Microsoft Visual Studio Solution File, Format Version 12.00
# Visual Studio Version 17
VisualStudioVersion = 17.6.33829.357
MinimumVisualStudioVersion = 10.0.40219.1
Project("{FAE04EC0-301F-11D3-BF4B-00C04F79EFBC}") = "NZWalks.API", "NZWalks.API\NZWalks.API.csproj", "{28BE20FE-5A46-42B0-B5D3-6EE54E336494}"
EndProject
Global
	GlobalSection(SolutionConfigurationPlatforms) = preSolution
		Debug|Any CPU = Debug|Any CPU
		Release|Any CPU = Release|Any CPU
	EndGlobalSection
	GlobalSection(ProjectConfigurationPlatforms) = postSolution
		{28BE20FE-5A46-42B0-B5D3-6EE54E336494}.Debug|Any CPU.ActiveCfg = Debug|Any CPU
		{28BE20FE-5A46-42B0-B5D3-6EE54E336494}.Debug|Any CPU.Build.0 = Debug|Any CPU
		{28BE20FE-5A46-42B0-B5D3-6EE54E336494}.Release|Any CPU.ActiveCfg = Release|Any CPU
		{28BE20FE-5A46-42B0-B5D3-6EE54E336494}.Release|Any CPU.Build.0 = Release|Any CPU
	EndGlobalSection
	GlobalSection(SolutionProperties) = preSolution
		HideSolutionNode = FALSE
	EndGlobalSection
	GlobalSection(ExtensibilityGlobals) = postSolution
		SolutionGuid = {882EEDA5-6D33-4ED4-85B0-339429FAD853}
	EndGlobalSection
EndGlobal
